
Microsoft Visual Studio Solution File, Format Version 12.00
# Visual Studio Version 17
VisualStudioVersion = 17.8.34309.116
MinimumVisualStudioVersion = 10.0.40219.1
Project("{9A19103F-16F7-4668-BE54-9A1E7A4F7556}") = "LabDataToolbox", "LabDataToolbox\LabDataToolbox.csproj", "{84F814E8-6606-468A-AD10-EE1E2A94330B}"
EndProject
Global
	GlobalSection(SolutionConfigurationPlatforms) = preSolution
		Debug|Any CPU = Debug|Any CPU
		Release|Any CPU = Release|Any CPU
	EndGlobalSection
	GlobalSection(ProjectConfigurationPlatforms) = postSolution
		{84F814E8-6606-468A-AD10-EE1E2A94330B}.Debug|Any CPU.ActiveCfg = Debug|Any CPU
		{84F814E8-6606-468A-AD10-EE1E2A94330B}.Debug|Any CPU.Build.0 = Debug|Any CPU
		{84F814E8-6606-468A-AD10-EE1E2A94330B}.Release|Any CPU.ActiveCfg = Release|Any CPU
		{84F814E8-6606-468A-AD10-EE1E2A94330B}.Release|Any CPU.Build.0 = Release|Any CPU
	EndGlobalSection
	GlobalSection(SolutionProperties) = preSolution
		HideSolutionNode = FALSE
	EndGlobalSection
	GlobalSection(ExtensibilityGlobals) = postSolution
		SolutionGuid = {9F352037-58E4-4FF3-B659-B5475C0DD2D5}
	EndGlobalSection
EndGlobal
